
Microsoft Visual Studio Solution File, Format Version 12.00
# Visual Studio Version 17
VisualStudioVersion = 17.0.32014.148
MinimumVisualStudioVersion = 10.0.40219.1
Project("{FAE04EC0-301F-11D3-BF4B-00C04F79EFBC}") = "CosmosDBCrudApp", "CosmosDBCrudApp\CosmosDBCrudApp.csproj", "{9924A3CC-D610-4E65-8558-365D93439F39}"
EndProject
Project("{FAE04EC0-301F-11D3-BF4B-00C04F79EFBC}") = "Models", "Models\Models.csproj", "{66AF94BB-C018-4C39-8210-B9818B836BBD}"
EndProject
Project("{FAE04EC0-301F-11D3-BF4B-00C04F79EFBC}") = "DbHelper", "DbHelper\DbHelper.csproj", "{B8E7BBCF-3AFC-4DC6-AC48-0203CCC1945D}"
EndProject
Global
	GlobalSection(SolutionConfigurationPlatforms) = preSolution
		Debug|Any CPU = Debug|Any CPU
		Release|Any CPU = Release|Any CPU
	EndGlobalSection
	GlobalSection(ProjectConfigurationPlatforms) = postSolution
		{9924A3CC-D610-4E65-8558-365D93439F39}.Debug|Any CPU.ActiveCfg = Debug|Any CPU
		{9924A3CC-D610-4E65-8558-365D93439F39}.Debug|Any CPU.Build.0 = Debug|Any CPU
		{9924A3CC-D610-4E65-8558-365D93439F39}.Release|Any CPU.ActiveCfg = Release|Any CPU
		{9924A3CC-D610-4E65-8558-365D93439F39}.Release|Any CPU.Build.0 = Release|Any CPU
		{66AF94BB-C018-4C39-8210-B9818B836BBD}.Debug|Any CPU.ActiveCfg = Debug|Any CPU
		{66AF94BB-C018-4C39-8210-B9818B836BBD}.Debug|Any CPU.Build.0 = Debug|Any CPU
		{66AF94BB-C018-4C39-8210-B9818B836BBD}.Release|Any CPU.ActiveCfg = Release|Any CPU
		{66AF94BB-C018-4C39-8210-B9818B836BBD}.Release|Any CPU.Build.0 = Release|Any CPU
		{B8E7BBCF-3AFC-4DC6-AC48-0203CCC1945D}.Debug|Any CPU.ActiveCfg = Debug|Any CPU
		{B8E7BBCF-3AFC-4DC6-AC48-0203CCC1945D}.Debug|Any CPU.Build.0 = Debug|Any CPU
		{B8E7BBCF-3AFC-4DC6-AC48-0203CCC1945D}.Release|Any CPU.ActiveCfg = Release|Any CPU
		{B8E7BBCF-3AFC-4DC6-AC48-0203CCC1945D}.Release|Any CPU.Build.0 = Release|Any CPU
	EndGlobalSection
	GlobalSection(SolutionProperties) = preSolution
		HideSolutionNode = FALSE
	EndGlobalSection
	GlobalSection(ExtensibilityGlobals) = postSolution
		SolutionGuid = {52F7713F-7FB5-437D-98A8-86990B3452EB}
	EndGlobalSection
EndGlobal
